{
  "nodes": {
    "flake-utils": {
      "locked": {
        "lastModified": 1623875721,
        "narHash": "sha256-A8BU7bjS5GirpAUv4QA+QnJ4CceLHkcXdRp4xITDB0s=",
        "owner": "numtide",
        "repo": "flake-utils",
        "rev": "f7e004a55b120c02ecb6219596820fcd32ca8772",
        "type": "github"
      },
      "original": {
        "owner": "numtide",
        "repo": "flake-utils",
        "type": "github"
      }
    },
    "home-manager": {
      "inputs": {
        "nixpkgs": "nixpkgs"
      },
      "locked": {
        "lastModified": 1629729582,
        "narHash": "sha256-P8bSE0v/alIafhsDVPwIZyBMz4YfHc2H0mOabnsf1so=",
        "owner": "nix-community",
        "repo": "home-manager",
        "rev": "9029fd2b9de2147480efab55f351343f4fed73b9",
        "type": "github"
      },
      "original": {
        "owner": "nix-community",
        "repo": "home-manager",
        "type": "github"
      }
    },
    "nixpkgs": {
      "locked": {
        "lastModified": 1629822842,
        "narHash": "sha256-lplL4EKnl5EIhaHFNbk7IfTiFEEn1boRwf75y5ny4Ho=",
        "owner": "NixOS",
        "repo": "nixpkgs",
        "rev": "ba2e930fcb51c58d8f7c2344817b458ac074fdf2",
        "type": "github"
      },
      "original": {
        "id": "nixpkgs",
        "type": "indirect"
      }
    },
    "root": {
      "inputs": {
        "home-manager": "home-manager",
        "stable": "stable",
        "unstable": "unstable",
        "utils": "utils"
      }
    },
    "stable": {
      "locked": {
        "lastModified": 1629673050,
        "narHash": "sha256-8xn5q1RJQ7jd7uBnKBMte9CVRzJOTbW2NjPXb3WBICI=",
        "owner": "NixOS",
        "repo": "nixpkgs",
        "rev": "871e8c4d585ff2a9eb200dcbd96e3856775807b9",
        "type": "github"
      },
      "original": {
        "owner": "NixOS",
        "ref": "nixos-21.05",
        "repo": "nixpkgs",
        "type": "github"
      }
    },
    "unstable": {
      "locked": {
        "lastModified": 1629618782,
        "narHash": "sha256-2K8SSXu3alo/URI3MClGdDSns6Gb4ZaW4LET53UWyKk=",
        "owner": "NixOS",
        "repo": "nixpkgs",
        "rev": "870959c7fb3a42af1863bed9e1756086a74eb649",
        "type": "github"
      },
      "original": {
        "owner": "NixOS",
        "ref": "nixos-unstable",
        "repo": "nixpkgs",
        "type": "github"
      }
    },
    "utils": {
      "inputs": {
        "flake-utils": "flake-utils"
      },
      "locked": {
        "lastModified": 1628855985,
        "narHash": "sha256-OqhVFoCCA6GfGuMhZXQ5CrmZUYsumCJTwI72FOMf82I=",
        "owner": "gytis-ivaskevicius",
        "repo": "flake-utils-plus",
        "rev": "a79a0b86e59dc087df6704f9b13b1ed951ef5c5f",
        "type": "github"
      },
      "original": {
        "owner": "gytis-ivaskevicius",
        "ref": "staging",
        "repo": "flake-utils-plus",
        "type": "github"
      }
    }
  },
  "root": "root",
  "version": 7
}
